
Microsoft Visual Studio Solution File, Format Version 12.00
# Visual Studio Version 17
VisualStudioVersion = 17.0.32014.148
MinimumVisualStudioVersion = 10.0.40219.1
Project("{FAE04EC0-301F-11D3-BF4B-00C04F79EFBC}") = "LogiwaApi", "LogiwaApi\LogiwaApi.csproj", "{4E17BEBE-365B-4117-83AD-41DFB3A46B40}"
EndProject
Project("{2150E333-8FDC-42A3-9474-1A3956D46DE8}") = "Solution Items", "Solution Items", "{883B785D-10C2-4825-A114-FDBF736DC658}"
	ProjectSection(SolutionItems) = preProject
		.editorconfig = .editorconfig
	EndProjectSection
EndProject
Project("{FAE04EC0-301F-11D3-BF4B-00C04F79EFBC}") = "LogiwaTests", "LogiwaTests\LogiwaTests.csproj", "{C97FD78D-BE07-408C-9973-4A3A17E2505F}"
EndProject
Global
	GlobalSection(SolutionConfigurationPlatforms) = preSolution
		Debug|Any CPU = Debug|Any CPU
		Release|Any CPU = Release|Any CPU
	EndGlobalSection
	GlobalSection(ProjectConfigurationPlatforms) = postSolution
		{4E17BEBE-365B-4117-83AD-41DFB3A46B40}.Debug|Any CPU.ActiveCfg = Debug|Any CPU
		{4E17BEBE-365B-4117-83AD-41DFB3A46B40}.Debug|Any CPU.Build.0 = Debug|Any CPU
		{4E17BEBE-365B-4117-83AD-41DFB3A46B40}.Release|Any CPU.ActiveCfg = Release|Any CPU
		{4E17BEBE-365B-4117-83AD-41DFB3A46B40}.Release|Any CPU.Build.0 = Release|Any CPU
		{C97FD78D-BE07-408C-9973-4A3A17E2505F}.Debug|Any CPU.ActiveCfg = Debug|Any CPU
		{C97FD78D-BE07-408C-9973-4A3A17E2505F}.Debug|Any CPU.Build.0 = Debug|Any CPU
		{C97FD78D-BE07-408C-9973-4A3A17E2505F}.Release|Any CPU.ActiveCfg = Release|Any CPU
		{C97FD78D-BE07-408C-9973-4A3A17E2505F}.Release|Any CPU.Build.0 = Release|Any CPU
	EndGlobalSection
	GlobalSection(SolutionProperties) = preSolution
		HideSolutionNode = FALSE
	EndGlobalSection
	GlobalSection(ExtensibilityGlobals) = postSolution
		SolutionGuid = {2C35419D-0A28-4A6B-A5EC-BB2C6AC92E8E}
	EndGlobalSection
EndGlobal
